
Microsoft Visual Studio Solution File, Format Version 12.00
# Visual Studio 2012
Project("{FAE04EC0-301F-11D3-BF4B-00C04F79EFBC}") = "MvcBlog.WebUI", "MvcBlogApplication\MvcBlog.WebUI.csproj", "{CBF9A727-933B-4783-BD53-3E2DD919EE50}"
EndProject
Project("{FAE04EC0-301F-11D3-BF4B-00C04F79EFBC}") = "MvcBlog.Domain", "MvcBlog.Domain\MvcBlog.Domain.csproj", "{AD7B8198-3A22-459D-897C-A4AB42BBF063}"
EndProject
Project("{FAE04EC0-301F-11D3-BF4B-00C04F79EFBC}") = "MvcBlog.Tests", "MvcBlog.Tests\MvcBlog.Tests.csproj", "{8B393C4A-81E5-4C4B-BAA6-71BCCEA2ABE9}"
EndProject
Global
	GlobalSection(SolutionConfigurationPlatforms) = preSolution
		Debug|Any CPU = Debug|Any CPU
		Release|Any CPU = Release|Any CPU
	EndGlobalSection
	GlobalSection(ProjectConfigurationPlatforms) = postSolution
		{CBF9A727-933B-4783-BD53-3E2DD919EE50}.Debug|Any CPU.ActiveCfg = Debug|Any CPU
		{CBF9A727-933B-4783-BD53-3E2DD919EE50}.Debug|Any CPU.Build.0 = Debug|Any CPU
		{CBF9A727-933B-4783-BD53-3E2DD919EE50}.Release|Any CPU.ActiveCfg = Release|Any CPU
		{CBF9A727-933B-4783-BD53-3E2DD919EE50}.Release|Any CPU.Build.0 = Release|Any CPU
		{AD7B8198-3A22-459D-897C-A4AB42BBF063}.Debug|Any CPU.ActiveCfg = Debug|Any CPU
		{AD7B8198-3A22-459D-897C-A4AB42BBF063}.Debug|Any CPU.Build.0 = Debug|Any CPU
		{AD7B8198-3A22-459D-897C-A4AB42BBF063}.Release|Any CPU.ActiveCfg = Release|Any CPU
		{AD7B8198-3A22-459D-897C-A4AB42BBF063}.Release|Any CPU.Build.0 = Release|Any CPU
		{8B393C4A-81E5-4C4B-BAA6-71BCCEA2ABE9}.Debug|Any CPU.ActiveCfg = Debug|Any CPU
		{8B393C4A-81E5-4C4B-BAA6-71BCCEA2ABE9}.Debug|Any CPU.Build.0 = Debug|Any CPU
		{8B393C4A-81E5-4C4B-BAA6-71BCCEA2ABE9}.Release|Any CPU.ActiveCfg = Release|Any CPU
		{8B393C4A-81E5-4C4B-BAA6-71BCCEA2ABE9}.Release|Any CPU.Build.0 = Release|Any CPU
	EndGlobalSection
	GlobalSection(SolutionProperties) = preSolution
		HideSolutionNode = FALSE
	EndGlobalSection
EndGlobal
